PODS:
  - CocoaAsyncSocket (7.6.3)
  - CocoaLumberjack/Core (3.5.1)
  - CocoaLumberjack/Swift (3.5.1):
    - CocoaLumberjack/Core
  - libextobjc (0.6):
    - libextobjc/EXTADT (= 0.6)
    - libextobjc/EXTConcreteProtocol (= 0.6)
    - libextobjc/EXTKeyPathCoding (= 0.6)
    - libextobjc/EXTNil (= 0.6)
    - libextobjc/EXTSafeCategory (= 0.6)
    - libextobjc/EXTScope (= 0.6)
    - libextobjc/EXTSelectorChecking (= 0.6)
    - libextobjc/EXTSynthesize (= 0.6)
    - "libextobjc/NSInvocation+EXT (= 0.6)"
    - "libextobjc/NSMethodSignature+EXT (= 0.6)"
    - libextobjc/RuntimeExtensions (= 0.6)
    - libextobjc/UmbrellaHeader (= 0.6)
  - libextobjc/EXTADT (0.6):
    - libextobjc/RuntimeExtensions
  - libextobjc/EXTConcreteProtocol (0.6):
    - libextobjc/RuntimeExtensions
  - libextobjc/EXTKeyPathCoding (0.6):
    - libextobjc/RuntimeExtensions
  - libextobjc/EXTNil (0.6):
    - libextobjc/RuntimeExtensions
  - libextobjc/EXTSafeCategory (0.6):
    - libextobjc/RuntimeExtensions
  - libextobjc/EXTScope (0.6):
    - libextobjc/RuntimeExtensions
  - libextobjc/EXTSelectorChecking (0.6):
    - libextobjc/RuntimeExtensions
  - libextobjc/EXTSynthesize (0.6):
    - libextobjc/RuntimeExtensions
  - "libextobjc/NSInvocation+EXT (0.6)":
    - libextobjc/RuntimeExtensions
  - "libextobjc/NSMethodSignature+EXT (0.6)":
    - libextobjc/RuntimeExtensions
  - libextobjc/RuntimeExtensions (0.6)
  - libextobjc/UmbrellaHeader (0.6)
  - MAGDebugKit (0.8.6):
    - CocoaAsyncSocket (~> 7.6)
    - CocoaLumberjack/Swift (~> 3.5)
    - libextobjc (~> 0.4)

DEPENDENCIES:
  - MAGDebugKit (from `../`)

SPEC REPOS:
  https://github.com/CocoaPods/Specs.git:
    - CocoaAsyncSocket
    - CocoaLumberjack
    - libextobjc

EXTERNAL SOURCES:
  MAGDebugKit:
    :path: "../"

SPEC CHECKSUMS:
  CocoaAsyncSocket: eafaa68a7e0ec99ead0a7b35015e0bf25d2c8987
  CocoaLumberjack: 2101f8a5508197a305e737d16c5c2e9e2157628c
  libextobjc: aed8b7d2b07f511c1a7ecaacb33ea03e327c69b7
  MAGDebugKit: 97b4489057d613a777a93d7be1abf87ebfdb778a

PODFILE CHECKSUM: a6c78295e1d528436acc1ce0f978c23e3cadf891

COCOAPODS: 1.10.0
